// !$*UTF8*$!
{
	archiveVersion = 1;
	classes = {
	};
	objectVersion = 50;
	objects = {

/* Begin PBXBuildFile section */
		FB543E7A2461D0D800AF7ECA /* AppDelegate.swift in Sources */ = {isa = PBXBuildFile; fileRef = FB543E792461D0D800AF7ECA /* AppDelegate.swift */; };
		FB543E7C2461D0D800AF7ECA /* SceneDelegate.swift in Sources */ = {isa = PBXBuildFile; fileRef = FB543E7B2461D0D800AF7ECA /* SceneDelegate.swift */; };
		FB543E7E2461D0D800AF7ECA /* ViewController.swift in Sources */ = {isa = PBXBuildFile; fileRef = FB543E7D2461D0D800AF7ECA /* ViewController.swift */; };
		FB543E812461D0D800AF7ECA /* Main.storyboard in Resources */ = {isa = PBXBuildFile; fileRef = FB543E7F2461D0D800AF7ECA /* Main.storyboard */; };
		FB543E832461D0DD00AF7ECA /* Assets.xcassets in Resources */ = {isa = PBXBuildFile; fileRef = FB543E822461D0DD00AF7ECA /* Assets.xcassets */; };
		FB543E862461D0DD00AF7ECA /* LaunchScreen.storyboard in Resources */ = {isa = PBXBuildFile; fileRef = FB543E842461D0DD00AF7ECA /* LaunchScreen.storyboard */; };
		FB543E8E24622D2700AF7ECA /* Petition.swift in Sources */ = {isa = PBXBuildFile; fileRef = FB543E8D24622D2700AF7ECA /* Petition.swift */; };
		FB543E9024622D6C00AF7ECA /* Petitions.swift in Sources */ = {isa = PBXBuildFile; fileRef = FB543E8F24622D6C00AF7ECA /* Petitions.swift */; };
/* End PBXBuildFile section */

/* Begin PBXFileReference section */
		FB543E762461D0D800AF7ECA /* Project7.app */ = {isa = PBXFileReference; explicitFileType = wrapper.application; includeInIndex = 0; path = Project7.app; sourceTree = BUILT_PRODUCTS_DIR; };
		FB543E792461D0D800AF7ECA /* AppDelegate.swift */ = {isa = PBXFileReference; lastKnownFileType = sourcecode.swift; path = AppDelegate.swift; sourceTree = "<group>"; };
		FB543E7B2461D0D800AF7ECA /* SceneDelegate.swift */ = {isa = PBXFileReference; lastKnownFileType = sourcecode.swift; path = SceneDelegate.swift; sourceTree = "<group>"; };
		FB543E7D2461D0D800AF7ECA /* ViewController.swift */ = {isa = PBXFileReference; lastKnownFileType = sourcecode.swift; path = ViewController.swift; sourceTree = "<group>"; };
		FB543E802461D0D800AF7ECA /* Base */ = {isa = PBXFileReference; lastKnownFileType = file.storyboard; name = Base; path = Base.lproj/Main.storyboard; sourceTree = "<group>"; };
		FB543E822461D0DD00AF7ECA /* Assets.xcassets */ = {isa = PBXFileReference; lastKnownFileType = folder.assetcatalog; path = Assets.xcassets; sourceTree = "<group>"; };
		FB543E852461D0DD00AF7ECA /* Base */ = {isa = PBXFileReference; lastKnownFileType = file.storyboard; name = Base; path = Base.lproj/LaunchScreen.storyboard; sourceTree = "<group>"; };
		FB543E872461D0DD00AF7ECA /* Info.plist */ = {isa = PBXFileReference; lastKnownFileType = text.plist.xml; path = Info.plist; sourceTree = "<group>"; };
		FB543E8D24622D2700AF7ECA /* Petition.swift */ = {isa = PBXFileReference; lastKnownFileType = sourcecode.swift; path = Petition.swift; sourceTree = "<group>"; };
		FB543E8F24622D6C00AF7ECA /* Petitions.swift */ = {isa = PBXFileReference; lastKnownFileType = sourcecode.swift; path = Petitions.swift; sourceTree = "<group>"; };
/* End PBXFileReference section */

/* Begin PBXFrameworksBuildPhase section */
		FB543E732461D0D800AF7ECA /* Frameworks */ = {
			isa = PBXFrameworksBuildPhase;
			buildActionMask = 2147483647;
			files = (
			);
			runOnlyForDeploymentPostprocessing = 0;
		};
/* End PBXFrameworksBuildPhase section */

/* Begin PBXGroup section */
		FB543E6D2461D0D800AF7ECA = {
			isa = PBXGroup;
			children = (
				FB543E782461D0D800AF7ECA /* Project7 */,
				FB543E772461D0D800AF7ECA /* Products */,
			);
			sourceTree = "<group>";
		};
		FB543E772461D0D800AF7ECA /* Products */ = {
			isa = PBXGroup;
			children = (
				FB543E762461D0D800AF7ECA /* Project7.app */,
			);
			name = Products;
			sourceTree = "<group>";
		};
		FB543E782461D0D800AF7ECA /* Project7 */ = {
			isa = PBXGroup;
			children = (
				FB543E792461D0D800AF7ECA /* AppDelegate.swift */,
				FB543E7B2461D0D800AF7ECA /* SceneDelegate.swift */,
				FB543E7D2461D0D800AF7ECA /* ViewController.swift */,
				FB543E8D24622D2700AF7ECA /* Petition.swift */,
				FB543E8F24622D6C00AF7ECA /* Petitions.swift */,
				FB543E7F2461D0D800AF7ECA /* Main.storyboard */,
				FB543E822461D0DD00AF7ECA /* Assets.xcassets */,
				FB543E842461D0DD00AF7ECA /* LaunchScreen.storyboard */,
				FB543E872461D0DD00AF7ECA /* Info.plist */,
			);
			path = Project7;
			sourceTree = "<group>";
		};
/* End PBXGroup section */

/* Begin PBXNativeTarget section */
		FB543E752461D0D800AF7ECA /* Project7 */ = {
			isa = PBXNativeTarget;
			buildConfigurationList = FB543E8A2461D0DD00AF7ECA /* Build configuration list for PBXNativeTarget "Project7" */;
			buildPhases = (
				FB543E722461D0D800AF7ECA /* Sources */,
				FB543E732461D0D800AF7ECA /* Frameworks */,
				FB543E742461D0D800AF7ECA /* Resources */,
			);
			buildRules = (
			);
			dependencies = (
			);
			name = Project7;
			productName = Project7;
			productReference = FB543E762461D0D800AF7ECA /* Project7.app */;
			productType = "com.apple.product-type.application";
		};
/* End PBXNativeTarget section */

/* Begin PBXProject section */
		FB543E6E2461D0D800AF7ECA /* Project object */ = {
			isa = PBXProject;
			attributes = {
				LastSwiftUpdateCheck = 1120;
				LastUpgradeCheck = 1120;
				ORGANIZATIONNAME = "Deniz Cengiz";
				TargetAttributes = {
					FB543E752461D0D800AF7ECA = {
						CreatedOnToolsVersion = 11.2;
					};
				};
			};
			buildConfigurationList = FB543E712461D0D800AF7ECA /* Build configuration list for PBXProject "Project7" */;
			compatibilityVersion = "Xcode 9.3";
			developmentRegion = en;
			hasScannedForEncodings = 0;
			knownRegions = (
				en,
				Base,
			);
			mainGroup = FB543E6D2461D0D800AF7ECA;
			productRefGroup = FB543E772461D0D800AF7ECA /* Products */;
			projectDirPath = "";
			projectRoot = "";
			targets = (
				FB543E752461D0D800AF7ECA /* Project7 */,
			);
		};
/* End PBXProject section */

/* Begin PBXResourcesBuildPhase section */
		FB543E742461D0D800AF7ECA /* Resources */ = {
			isa = PBXResourcesBuildPhase;
			buildActionMask = 2147483647;
			files = (
				FB543E862461D0DD00AF7ECA /* LaunchScreen.storyboard in Resources */,
				FB543E832461D0DD00AF7ECA /* Assets.xcassets in Resources */,
				FB543E812461D0D800AF7ECA /* Main.storyboard in Resources */,
			);
			runOnlyForDeploymentPostprocessing = 0;
		};
/* End PBXResourcesBuildPhase section */

/* Begin PBXSourcesBuildPhase section */
		FB543E722461D0D800AF7ECA /* Sources */ = {
			isa = PBXSourcesBuildPhase;
			buildActionMask = 2147483647;
			files = (
				FB543E7E2461D0D800AF7ECA /* ViewController.swift in Sources */,
				FB543E8E24622D2700AF7ECA /* Petition.swift in Sources */,
				FB543E7A2461D0D800AF7ECA /* AppDelegate.swift in Sources */,
				FB543E7C2461D0D800AF7ECA /* SceneDelegate.swift in Sources */,
				FB543E9024622D6C00AF7ECA /* Petitions.swift in Sources */,
			);
			runOnlyForDeploymentPostprocessing = 0;
		};
/* End PBXSourcesBuildPhase section */

/* Begin PBXVariantGroup section */
		FB543E7F2461D0D800AF7ECA /* Main.storyboard */ = {
			isa = PBXVariantGroup;
			children = (
				FB543E802461D0D800AF7ECA /* Base */,
			);
			name = Main.storyboard;
			sourceTree = "<group>";
		};
		FB543E842461D0DD00AF7ECA /* LaunchScreen.storyboard */ = {
			isa = PBXVariantGroup;
			children = (
				FB543E852461D0DD00AF7ECA /* Base */,
			);
			name = LaunchScreen.storyboard;
			sourceTree = "<group>";
		};
/* End PBXVariantGroup section */

/* Begin XCBuildConfiguration section */
		FB543E882461D0DD00AF7ECA /* Debug */ = {
			isa = XCBuildConfiguration;
			buildSettings = {
				ALWAYS_SEARCH_USER_PATHS = NO;
				CLANG_ANALYZER_NONNULL = YES;
				CLANG_ANALYZER_NUMBER_OBJECT_CONVERSION = YES_AGGRESSIVE;
				CLANG_CXX_LANGUAGE_STANDARD = "gnu++14";
				CLANG_CXX_LIBRARY = "libc++";
				CLANG_ENABLE_MODULES = YES;
				CLANG_ENABLE_OBJC_ARC = YES;
				CLANG_ENABLE_OBJC_WEAK = YES;
				CLANG_WARN_BLOCK_CAPTURE_AUTORELEASING = YES;
				CLANG_WARN_BOOL_CONVERSION = YES;
				CLANG_WARN_COMMA = YES;
				CLANG_WARN_CONSTANT_CONVERSION = YES;
				CLANG_WARN_DEPRECATED_OBJC_IMPLEMENTATIONS = YES;
				CLANG_WARN_DIRECT_OBJC_ISA_USAGE = YES_ERROR;
				CLANG_WARN_DOCUMENTATION_COMMENTS = YES;
				CLANG_WARN_EMPTY_BODY = YES;
				CLANG_WARN_ENUM_CONVERSION = YES;
				CLANG_WARN_INFINITE_RECURSION = YES;
				CLANG_WARN_INT_CONVERSION = YES;
				CLANG_WARN_NON_LITERAL_NULL_CONVERSION = YES;
				CLANG_WARN_OBJC_IMPLICIT_RETAIN_SELF = YES;
				CLANG_WARN_OBJC_LITERAL_CONVERSION = YES;
				CLANG_WARN_OBJC_ROOT_CLASS = YES_ERROR;
				CLANG_WARN_RANGE_LOOP_ANALYSIS = YES;
				CLANG_WARN_STRICT_PROTOTYPES = YES;
				CLANG_WARN_SUSPICIOUS_MOVE = YES;
				CLANG_WARN_UNGUARDED_AVAILABILITY = YES_AGGRESSIVE;
				CLANG_WARN_UNREACHABLE_CODE = YES;
				CLANG_WARN__DUPLICATE_METHOD_MATCH = YES;
				COPY_PHASE_STRIP = NO;
				DEBUG_INFORMATION_FORMAT = dwarf;
				ENABLE_STRICT_OBJC_MSGSEND = YES;
				ENABLE_TESTABILITY = YES;
				GCC_C_LANGUAGE_STANDARD = gnu11;
				GCC_DYNAMIC_NO_PIC = NO;
				GCC_NO_COMMON_BLOCKS = YES;
				GCC_OPTIMIZATION_LEVEL = 0;
				GCC_PREPROCESSOR_DEFINITIONS = (
					"DEBUG=1",
					"$(inherited)",
				);
				GCC_WARN_64_TO_32_BIT_CONVERSION = YES;
				GCC_WARN_ABOUT_RETURN_TYPE = YES_ERROR;
				GCC_WARN_UNDECLARED_SELECTOR = YES;
				GCC_WARN_UNINITIALIZED_AUTOS = YES_AGGRESSIVE;
				GCC_WARN_UNUSED_FUNCTION = YES;
				GCC_WARN_UNUSED_VARIABLE = YES;
				IPHONEOS_DEPLOYMENT_TARGET = 13.2;
				MTL_ENABLE_DEBUG_INFO = INCLUDE_SOURCE;
				MTL_FAST_MATH = YES;
				ONLY_ACTIVE_ARCH = YES;
				SDKROOT = iphoneos;
				SWIFT_ACTIVE_COMPILATION_CONDITIONS = DEBUG;
				SWIFT_OPTIMIZATION_LEVEL = "-Onone";
			};
			name = Debug;
		};
		FB543E892461D0DD00AF7ECA /* Release */ = {
			isa = XCBuildConfiguration;
			buildSettings = {
				ALWAYS_SEARCH_USER_PATHS = NO;
				CLANG_ANALYZER_NONNULL = YES;
				CLANG_ANALYZER_NUMBER_OBJECT_CONVERSION = YES_AGGRESSIVE;
				CLANG_CXX_LANGUAGE_STANDARD = "gnu++14";
				CLANG_CXX_LIBRARY = "libc++";
				CLANG_ENABLE_MODULES = YES;
				CLANG_ENABLE_OBJC_ARC = YES;
				CLANG_ENABLE_OBJC_WEAK = YES;
				CLANG_WARN_BLOCK_CAPTURE_AUTORELEASING = YES;
				CLANG_WARN_BOOL_CONVERSION = YES;
				CLANG_WARN_COMMA = YES;
				CLANG_WARN_CONSTANT_CONVERSION = YES;
				CLANG_WARN_DEPRECATED_OBJC_IMPLEMENTATIONS = YES;
				CLANG_WARN_DIRECT_OBJC_ISA_USAGE = YES_ERROR;
				CLANG_WARN_DOCUMENTATION_COMMENTS = YES;
				CLANG_WARN_EMPTY_BODY = YES;
				CLANG_WARN_ENUM_CONVERSION = YES;
				CLANG_WARN_INFINITE_RECURSION = YES;
				CLANG_WARN_INT_CONVERSION = YES;
				CLANG_WARN_NON_LITERAL_NULL_CONVERSION = YES;
				CLANG_WARN_OBJC_IMPLICIT_RETAIN_SELF = YES;
				CLANG_WARN_OBJC_LITERAL_CONVERSION = YES;
				CLANG_WARN_OBJC_ROOT_CLASS = YES_ERROR;
				CLANG_WARN_RANGE_LOOP_ANALYSIS = YES;
				CLANG_WARN_STRICT_PROTOTYPES = YES;
				CLANG_WARN_SUSPICIOUS_MOVE = YES;
				CLANG_WARN_UNGUARDED_AVAILABILITY = YES_AGGRESSIVE;
				CLANG_WARN_UNREACHABLE_CODE = YES;
				CLANG_WARN__DUPLICATE_METHOD_MATCH = YES;
				COPY_PHASE_STRIP = NO;
				DEBUG_INFORMATION_FORMAT = "dwarf-with-dsym";
				ENABLE_NS_ASSERTIONS = NO;
				ENABLE_STRICT_OBJC_MSGSEND = YES;
				GCC_C_LANGUAGE_STANDARD = gnu11;
				GCC_NO_COMMON_BLOCKS = YES;
				GCC_WARN_64_TO_32_BIT_CONVERSION = YES;
				GCC_WARN_ABOUT_RETURN_TYPE = YES_ERROR;
				GCC_WARN_UNDECLARED_SELECTOR = YES;
				GCC_WARN_UNINITIALIZED_AUTOS = YES_AGGRESSIVE;
				GCC_WARN_UNUSED_FUNCTION = YES;
				GCC_WARN_UNUSED_VARIABLE = YES;
				IPHONEOS_DEPLOYMENT_TARGET = 13.2;
				MTL_ENABLE_DEBUG_INFO = NO;
				MTL_FAST_MATH = YES;
				SDKROOT = iphoneos;
				SWIFT_COMPILATION_MODE = wholemodule;
				SWIFT_OPTIMIZATION_LEVEL = "-O";
				VALIDATE_PRODUCT = YES;
			};
			name = Release;
		};
		FB543E8B2461D0DD00AF7ECA /* Debug */ = {
			isa = XCBuildConfiguration;
			buildSettings = {
				ASSETCATALOG_COMPILER_APPICON_NAME = AppIcon;
				CODE_SIGN_STYLE = Automatic;
				INFOPLIST_FILE = Project7/Info.plist;
				LD_RUNPATH_SEARCH_PATHS = (
					"$(inherited)",
					"@executable_path/Frameworks",
				);
				PRODUCT_BUNDLE_IDENTIFIER = com.denizcengiz.Project7;
				PRODUCT_NAME = "$(TARGET_NAME)";
				SWIFT_VERSION = 5.0;
				TARGETED_DEVICE_FAMILY = "1,2";
			};
			name = Debug;
		};
		FB543E8C2461D0DD00AF7ECA /* Release */ = {
			isa = XCBuildConfiguration;
			buildSettings = {
				ASSETCATALOG_COMPILER_APPICON_NAME = AppIcon;
				CODE_SIGN_STYLE = Automatic;
				INFOPLIST_FILE = Project7/Info.plist;
				LD_RUNPATH_SEARCH_PATHS = (
					"$(inherited)",
					"@executable_path/Frameworks",
				);
				PRODUCT_BUNDLE_IDENTIFIER = com.denizcengiz.Project7;
				PRODUCT_NAME = "$(TARGET_NAME)";
				SWIFT_VERSION = 5.0;
				TARGETED_DEVICE_FAMILY = "1,2";
			};
			name = Release;
		};
/* End XCBuildConfiguration section */

/* Begin XCConfigurationList section */
		FB543E712461D0D800AF7ECA /* Build configuration list for PBXProject "Project7" */ = {
			isa = XCConfigurationList;
			buildConfigurations = (
				FB543E882461D0DD00AF7ECA /* Debug */,
				FB543E892461D0DD00AF7ECA /* Release */,
			);
			defaultConfigurationIsVisible = 0;
			defaultConfigurationName = Release;
		};
		FB543E8A2461D0DD00AF7ECA /* Build configuration list for PBXNativeTarget "Project7" */ = {
			isa = XCConfigurationList;
			buildConfigurations = (
				FB543E8B2461D0DD00AF7ECA /* Debug */,
				FB543E8C2461D0DD00AF7ECA /* Release */,
			);
			defaultConfigurationIsVisible = 0;
			defaultConfigurationName = Release;
		};
/* End XCConfigurationList section */
	};
	rootObject = FB543E6E2461D0D800AF7ECA /* Project object */;
}
